
Microsoft Visual Studio Solution File, Format Version 12.00
# Visual Studio Version 17
VisualStudioVersion = 17.7.34024.191
MinimumVisualStudioVersion = 10.0.40219.1
Project("{8BC9CEB8-8B4A-11D0-8D11-00A0C91BC942}") = "ConsoleApplication4", "ConsoleApplication4.vcxproj", "{97ADE4B4-99EC-44BC-9935-D8B6B3BC42A0}"
EndProject
Global
	GlobalSection(SolutionConfigurationPlatforms) = preSolution
		Debug|x64 = Debug|x64
		Debug|x86 = Debug|x86
		Release|x64 = Release|x64
		Release|x86 = Release|x86
	EndGlobalSection
	GlobalSection(ProjectConfigurationPlatforms) = postSolution
		{97ADE4B4-99EC-44BC-9935-D8B6B3BC42A0}.Debug|x64.ActiveCfg = Debug|x64
		{97ADE4B4-99EC-44BC-9935-D8B6B3BC42A0}.Debug|x64.Build.0 = Debug|x64
		{97ADE4B4-99EC-44BC-9935-D8B6B3BC42A0}.Debug|x86.ActiveCfg = Debug|Win32
		{97ADE4B4-99EC-44BC-9935-D8B6B3BC42A0}.Debug|x86.Build.0 = Debug|Win32
		{97ADE4B4-99EC-44BC-9935-D8B6B3BC42A0}.Release|x64.ActiveCfg = Release|x64
		{97ADE4B4-99EC-44BC-9935-D8B6B3BC42A0}.Release|x64.Build.0 = Release|x64
		{97ADE4B4-99EC-44BC-9935-D8B6B3BC42A0}.Release|x86.ActiveCfg = Release|Win32
		{97ADE4B4-99EC-44BC-9935-D8B6B3BC42A0}.Release|x86.Build.0 = Release|Win32
	EndGlobalSection
	GlobalSection(SolutionProperties) = preSolution
		HideSolutionNode = FALSE
	EndGlobalSection
	GlobalSection(ExtensibilityGlobals) = postSolution
		SolutionGuid = {5F256285-A79F-4B68-A41F-B54ACF64626B}
	EndGlobalSection
EndGlobal
